
Microsoft Visual Studio Solution File, Format Version 12.00
# Visual Studio Version 17
VisualStudioVersion = 17.3.32825.248
MinimumVisualStudioVersion = 10.0.40219.1
Project("{8BC9CEB8-8B4A-11D0-8D11-00A0C91BC942}") = "Zadanie z programowania1", "Zadanie z programowania1\Zadanie z programowania1.vcxproj", "{1A4B4F15-FC93-456B-B974-05A93EBA48FF}"
EndProject
Global
	GlobalSection(SolutionConfigurationPlatforms) = preSolution
		Debug|x64 = Debug|x64
		Debug|x86 = Debug|x86
		Release|x64 = Release|x64
		Release|x86 = Release|x86
	EndGlobalSection
	GlobalSection(ProjectConfigurationPlatforms) = postSolution
		{1A4B4F15-FC93-456B-B974-05A93EBA48FF}.Debug|x64.ActiveCfg = Debug|x64
		{1A4B4F15-FC93-456B-B974-05A93EBA48FF}.Debug|x64.Build.0 = Debug|x64
		{1A4B4F15-FC93-456B-B974-05A93EBA48FF}.Debug|x86.ActiveCfg = Debug|Win32
		{1A4B4F15-FC93-456B-B974-05A93EBA48FF}.Debug|x86.Build.0 = Debug|Win32
		{1A4B4F15-FC93-456B-B974-05A93EBA48FF}.Release|x64.ActiveCfg = Release|x64
		{1A4B4F15-FC93-456B-B974-05A93EBA48FF}.Release|x64.Build.0 = Release|x64
		{1A4B4F15-FC93-456B-B974-05A93EBA48FF}.Release|x86.ActiveCfg = Release|Win32
		{1A4B4F15-FC93-456B-B974-05A93EBA48FF}.Release|x86.Build.0 = Release|Win32
	EndGlobalSection
	GlobalSection(SolutionProperties) = preSolution
		HideSolutionNode = FALSE
	EndGlobalSection
	GlobalSection(ExtensibilityGlobals) = postSolution
		SolutionGuid = {D9299686-2CCA-45ED-B746-B52064AD7F47}
	EndGlobalSection
EndGlobal
